
Microsoft Visual Studio Solution File, Format Version 12.00
# Visual Studio Version 16
VisualStudioVersion = 16.0.29102.190
MinimumVisualStudioVersion = 10.0.40219.1
Project("{9A19103F-16F7-4668-BE54-9A1E7A4F7556}") = "Service", "Service\Service.csproj", "{3684ACEB-7F61-4515-912D-63873F8102B6}"
EndProject
Project("{FAE04EC0-301F-11D3-BF4B-00C04F79EFBC}") = "Service.Tests", "Service.Tests\Service.Tests.csproj", "{40F77B45-2018-4AAF-8F46-1F20C746C48F}"
EndProject
Global
	GlobalSection(SolutionConfigurationPlatforms) = preSolution
		Debug|Any CPU = Debug|Any CPU
		Release|Any CPU = Release|Any CPU
	EndGlobalSection
	GlobalSection(ProjectConfigurationPlatforms) = postSolution
		{3684ACEB-7F61-4515-912D-63873F8102B6}.Debug|Any CPU.ActiveCfg = Debug|Any CPU
		{3684ACEB-7F61-4515-912D-63873F8102B6}.Debug|Any CPU.Build.0 = Debug|Any CPU
		{3684ACEB-7F61-4515-912D-63873F8102B6}.Release|Any CPU.ActiveCfg = Release|Any CPU
		{3684ACEB-7F61-4515-912D-63873F8102B6}.Release|Any CPU.Build.0 = Release|Any CPU
		{40F77B45-2018-4AAF-8F46-1F20C746C48F}.Debug|Any CPU.ActiveCfg = Debug|Any CPU
		{40F77B45-2018-4AAF-8F46-1F20C746C48F}.Debug|Any CPU.Build.0 = Debug|Any CPU
		{40F77B45-2018-4AAF-8F46-1F20C746C48F}.Release|Any CPU.ActiveCfg = Release|Any CPU
		{40F77B45-2018-4AAF-8F46-1F20C746C48F}.Release|Any CPU.Build.0 = Release|Any CPU
	EndGlobalSection
	GlobalSection(SolutionProperties) = preSolution
		HideSolutionNode = FALSE
	EndGlobalSection
	GlobalSection(ExtensibilityGlobals) = postSolution
		SolutionGuid = {85DAC063-C47A-4BD6-8C36-FDBDD1AE6D78}
	EndGlobalSection
EndGlobal
